// !$*UTF8*$!
{
	archiveVersion = 1;
	classes = {
	};
	objectVersion = 46;
	objects = {

/* Begin PBXBuildFile section */
		7F0E6B211BCFD0FE00D2F58B /* main.m in Sources */ = {isa = PBXBuildFile; fileRef = 7F0E6B201BCFD0FE00D2F58B /* main.m */; };
		7F0E6B241BCFD0FE00D2F58B /* AppDelegate.m in Sources */ = {isa = PBXBuildFile; fileRef = 7F0E6B231BCFD0FE00D2F58B /* AppDelegate.m */; };
		7F0E6B271BCFD0FE00D2F58B /* ViewController.m in Sources */ = {isa = PBXBuildFile; fileRef = 7F0E6B261BCFD0FE00D2F58B /* ViewController.m */; };
		7F0E6B2A1BCFD0FE00D2F58B /* Main.storyboard in Resources */ = {isa = PBXBuildFile; fileRef = 7F0E6B281BCFD0FE00D2F58B /* Main.storyboard */; };
		7F0E6B2C1BCFD0FE00D2F58B /* Assets.xcassets in Resources */ = {isa = PBXBuildFile; fileRef = 7F0E6B2B1BCFD0FE00D2F58B /* Assets.xcassets */; };
		7F0E6B2F1BCFD0FE00D2F58B /* LaunchScreen.storyboard in Resources */ = {isa = PBXBuildFile; fileRef = 7F0E6B2D1BCFD0FE00D2F58B /* LaunchScreen.storyboard */; };
		7F0E6B3A1BCFD0FE00D2F58B /* fixtoolTests.m in Sources */ = {isa = PBXBuildFile; fileRef = 7F0E6B391BCFD0FE00D2F58B /* fixtoolTests.m */; };
		7F0E6B451BCFD0FE00D2F58B /* fixtoolUITests.m in Sources */ = {isa = PBXBuildFile; fileRef = 7F0E6B441BCFD0FE00D2F58B /* fixtoolUITests.m */; };
/* End PBXBuildFile section */

/* Begin PBXContainerItemProxy section */
		7F0E6B361BCFD0FE00D2F58B /* PBXContainerItemProxy */ = {
			isa = PBXContainerItemProxy;
			containerPortal = 7F0E6B141BCFD0FE00D2F58B /* Project object */;
			proxyType = 1;
			remoteGlobalIDString = 7F0E6B1B1BCFD0FE00D2F58B;
			remoteInfo = fixtool;
		};
		7F0E6B411BCFD0FE00D2F58B /* PBXContainerItemProxy */ = {
			isa = PBXContainerItemProxy;
			containerPortal = 7F0E6B141BCFD0FE00D2F58B /* Project object */;
			proxyType = 1;
			remoteGlobalIDString = 7F0E6B1B1BCFD0FE00D2F58B;
			remoteInfo = fixtool;
		};
/* End PBXContainerItemProxy section */

/* Begin PBXFileReference section */
		7F0E6B1C1BCFD0FE00D2F58B /* fixtool.app */ = {isa = PBXFileReference; explicitFileType = wrapper.application; includeInIndex = 0; path = fixtool.app; sourceTree = BUILT_PRODUCTS_DIR; };
		7F0E6B201BCFD0FE00D2F58B /* main.m */ = {isa = PBXFileReference; lastKnownFileType = sourcecode.c.objc; path = main.m; sourceTree = "<group>"; };
		7F0E6B221BCFD0FE00D2F58B /* AppDelegate.h */ = {isa = PBXFileReference; lastKnownFileType = sourcecode.c.h; path = AppDelegate.h; sourceTree = "<group>"; };
		7F0E6B231BCFD0FE00D2F58B /* AppDelegate.m */ = {isa = PBXFileReference; lastKnownFileType = sourcecode.c.objc; path = AppDelegate.m; sourceTree = "<group>"; };
		7F0E6B251BCFD0FE00D2F58B /* ViewController.h */ = {isa = PBXFileReference; lastKnownFileType = sourcecode.c.h; path = ViewController.h; sourceTree = "<group>"; };
		7F0E6B261BCFD0FE00D2F58B /* ViewController.m */ = {isa = PBXFileReference; lastKnownFileType = sourcecode.c.objc; path = ViewController.m; sourceTree = "<group>"; };
		7F0E6B291BCFD0FE00D2F58B /* Base */ = {isa = PBXFileReference; lastKnownFileType = file.storyboard; name = Base; path = Base.lproj/Main.storyboard; sourceTree = "<group>"; };
		7F0E6B2B1BCFD0FE00D2F58B /* Assets.xcassets */ = {isa = PBXFileReference; lastKnownFileType = folder.assetcatalog; path = Assets.xcassets; sourceTree = "<group>"; };
		7F0E6B2E1BCFD0FE00D2F58B /* Base */ = {isa = PBXFileReference; lastKnownFileType = file.storyboard; name = Base; path = Base.lproj/LaunchScreen.storyboard; sourceTree = "<group>"; };
		7F0E6B301BCFD0FE00D2F58B /* Info.plist */ = {isa = PBXFileReference; lastKnownFileType = text.plist.xml; path = Info.plist; sourceTree = "<group>"; };
		7F0E6B351BCFD0FE00D2F58B /* fixtoolTests.xctest */ = {isa = PBXFileReference; explicitFileType = wrapper.cfbundle; includeInIndex = 0; path = fixtoolTests.xctest; sourceTree = BUILT_PRODUCTS_DIR; };
		7F0E6B391BCFD0FE00D2F58B /* fixtoolTests.m */ = {isa = PBXFileReference; lastKnownFileType = sourcecode.c.objc; path = fixtoolTests.m; sourceTree = "<group>"; };
		7F0E6B3B1BCFD0FE00D2F58B /* Info.plist */ = {isa = PBXFileReference; lastKnownFileType = text.plist.xml; path = Info.plist; sourceTree = "<group>"; };
		7F0E6B401BCFD0FE00D2F58B /* fixtoolUITests.xctest */ = {isa = PBXFileReference; explicitFileType = wrapper.cfbundle; includeInIndex = 0; path = fixtoolUITests.xctest; sourceTree = BUILT_PRODUCTS_DIR; };
		7F0E6B441BCFD0FE00D2F58B /* fixtoolUITests.m */ = {isa = PBXFileReference; lastKnownFileType = sourcecode.c.objc; path = fixtoolUITests.m; sourceTree = "<group>"; };
		7F0E6B461BCFD0FE00D2F58B /* Info.plist */ = {isa = PBXFileReference; lastKnownFileType = text.plist.xml; path = Info.plist; sourceTree = "<group>"; };
/* End PBXFileReference section */

/* Begin PBXFrameworksBuildPhase section */
		7F0E6B191BCFD0FE00D2F58B /* Frameworks */ = {
			isa = PBXFrameworksBuildPhase;
			buildActionMask = 2147483647;
			files = (
			);
			runOnlyForDeploymentPostprocessing = 0;
		};
		7F0E6B321BCFD0FE00D2F58B /* Frameworks */ = {
			isa = PBXFrameworksBuildPhase;
			buildActionMask = 2147483647;
			files = (
			);
			runOnlyForDeploymentPostprocessing = 0;
		};
		7F0E6B3D1BCFD0FE00D2F58B /* Frameworks */ = {
			isa = PBXFrameworksBuildPhase;
			buildActionMask = 2147483647;
			files = (
			);
			runOnlyForDeploymentPostprocessing = 0;
		};
/* End PBXFrameworksBuildPhase section */

/* Begin PBXGroup section */
		7F0E6B131BCFD0FE00D2F58B = {
			isa = PBXGroup;
			children = (
				7F0E6B1E1BCFD0FE00D2F58B /* fixtool */,
				7F0E6B381BCFD0FE00D2F58B /* fixtoolTests */,
				7F0E6B431BCFD0FE00D2F58B /* fixtoolUITests */,
				7F0E6B1D1BCFD0FE00D2F58B /* Products */,
			);
			sourceTree = "<group>";
		};
		7F0E6B1D1BCFD0FE00D2F58B /* Products */ = {
			isa = PBXGroup;
			children = (
				7F0E6B1C1BCFD0FE00D2F58B /* fixtool.app */,
				7F0E6B351BCFD0FE00D2F58B /* fixtoolTests.xctest */,
				7F0E6B401BCFD0FE00D2F58B /* fixtoolUITests.xctest */,
			);
			name = Products;
			sourceTree = "<group>";
		};
		7F0E6B1E1BCFD0FE00D2F58B /* fixtool */ = {
			isa = PBXGroup;
			children = (
				7F0E6B221BCFD0FE00D2F58B /* AppDelegate.h */,
				7F0E6B231BCFD0FE00D2F58B /* AppDelegate.m */,
				7F0E6B251BCFD0FE00D2F58B /* ViewController.h */,
				7F0E6B261BCFD0FE00D2F58B /* ViewController.m */,
				7F0E6B281BCFD0FE00D2F58B /* Main.storyboard */,
				7F0E6B2B1BCFD0FE00D2F58B /* Assets.xcassets */,
				7F0E6B2D1BCFD0FE00D2F58B /* LaunchScreen.storyboard */,
				7F0E6B301BCFD0FE00D2F58B /* Info.plist */,
				7F0E6B1F1BCFD0FE00D2F58B /* Supporting Files */,
			);
			path = fixtool;
			sourceTree = "<group>";
		};
		7F0E6B1F1BCFD0FE00D2F58B /* Supporting Files */ = {
			isa = PBXGroup;
			children = (
				7F0E6B201BCFD0FE00D2F58B /* main.m */,
			);
			name = "Supporting Files";
			sourceTree = "<group>";
		};
		7F0E6B381BCFD0FE00D2F58B /* fixtoolTests */ = {
			isa = PBXGroup;
			children = (
				7F0E6B391BCFD0FE00D2F58B /* fixtoolTests.m */,
				7F0E6B3B1BCFD0FE00D2F58B /* Info.plist */,
			);
			path = fixtoolTests;
			sourceTree = "<group>";
		};
		7F0E6B431BCFD0FE00D2F58B /* fixtoolUITests */ = {
			isa = PBXGroup;
			children = (
				7F0E6B441BCFD0FE00D2F58B /* fixtoolUITests.m */,
				7F0E6B461BCFD0FE00D2F58B /* Info.plist */,
			);
			path = fixtoolUITests;
			sourceTree = "<group>";
		};
/* End PBXGroup section */

/* Begin PBXNativeTarget section */
		7F0E6B1B1BCFD0FE00D2F58B /* fixtool */ = {
			isa = PBXNativeTarget;
			buildConfigurationList = 7F0E6B491BCFD0FE00D2F58B /* Build configuration list for PBXNativeTarget "fixtool" */;
			buildPhases = (
				7F0E6B181BCFD0FE00D2F58B /* Sources */,
				7F0E6B191BCFD0FE00D2F58B /* Frameworks */,
				7F0E6B1A1BCFD0FE00D2F58B /* Resources */,
			);
			buildRules = (
			);
			dependencies = (
			);
			name = fixtool;
			productName = fixtool;
			productReference = 7F0E6B1C1BCFD0FE00D2F58B /* fixtool.app */;
			productType = "com.apple.product-type.application";
		};
		7F0E6B341BCFD0FE00D2F58B /* fixtoolTests */ = {
			isa = PBXNativeTarget;
			buildConfigurationList = 7F0E6B4C1BCFD0FE00D2F58B /* Build configuration list for PBXNativeTarget "fixtoolTests" */;
			buildPhases = (
				7F0E6B311BCFD0FE00D2F58B /* Sources */,
				7F0E6B321BCFD0FE00D2F58B /* Frameworks */,
				7F0E6B331BCFD0FE00D2F58B /* Resources */,
			);
			buildRules = (
			);
			dependencies = (
				7F0E6B371BCFD0FE00D2F58B /* PBXTargetDependency */,
			);
			name = fixtoolTests;
			productName = fixtoolTests;
			productReference = 7F0E6B351BCFD0FE00D2F58B /* fixtoolTests.xctest */;
			productType = "com.apple.product-type.bundle.unit-test";
		};
		7F0E6B3F1BCFD0FE00D2F58B /* fixtoolUITests */ = {
			isa = PBXNativeTarget;
			buildConfigurationList = 7F0E6B4F1BCFD0FE00D2F58B /* Build configuration list for PBXNativeTarget "fixtoolUITests" */;
			buildPhases = (
				7F0E6B3C1BCFD0FE00D2F58B /* Sources */,
				7F0E6B3D1BCFD0FE00D2F58B /* Frameworks */,
				7F0E6B3E1BCFD0FE00D2F58B /* Resources */,
			);
			buildRules = (
			);
			dependencies = (
				7F0E6B421BCFD0FE00D2F58B /* PBXTargetDependency */,
			);
			name = fixtoolUITests;
			productName = fixtoolUITests;
			productReference = 7F0E6B401BCFD0FE00D2F58B /* fixtoolUITests.xctest */;
			productType = "com.apple.product-type.bundle.ui-testing";
		};
/* End PBXNativeTarget section */

/* Begin PBXProject section */
		7F0E6B141BCFD0FE00D2F58B /* Project object */ = {
			isa = PBXProject;
			attributes = {
				LastUpgradeCheck = 0700;
				ORGANIZATIONNAME = "JAPAN SHOP";
				TargetAttributes = {
					7F0E6B1B1BCFD0FE00D2F58B = {
						CreatedOnToolsVersion = 7.0.1;
						DevelopmentTeam = 9DMUD42AR5;
					};
					7F0E6B341BCFD0FE00D2F58B = {
						CreatedOnToolsVersion = 7.0.1;
						DevelopmentTeam = 9DMUD42AR5;
						TestTargetID = 7F0E6B1B1BCFD0FE00D2F58B;
					};
					7F0E6B3F1BCFD0FE00D2F58B = {
						CreatedOnToolsVersion = 7.0.1;
						DevelopmentTeam = 9DMUD42AR5;
						TestTargetID = 7F0E6B1B1BCFD0FE00D2F58B;
					};
				};
			};
			buildConfigurationList = 7F0E6B171BCFD0FE00D2F58B /* Build configuration list for PBXProject "fixtool" */;
			compatibilityVersion = "Xcode 3.2";
			developmentRegion = English;
			hasScannedForEncodings = 0;
			knownRegions = (
				en,
				Base,
			);
			mainGroup = 7F0E6B131BCFD0FE00D2F58B;
			productRefGroup = 7F0E6B1D1BCFD0FE00D2F58B /* Products */;
			projectDirPath = "";
			projectRoot = "";
			targets = (
				7F0E6B1B1BCFD0FE00D2F58B /* fixtool */,
				7F0E6B341BCFD0FE00D2F58B /* fixtoolTests */,
				7F0E6B3F1BCFD0FE00D2F58B /* fixtoolUITests */,
			);
		};
/* End PBXProject section */

/* Begin PBXResourcesBuildPhase section */
		7F0E6B1A1BCFD0FE00D2F58B /* Resources */ = {
			isa = PBXResourcesBuildPhase;
			buildActionMask = 2147483647;
			files = (
				7F0E6B2F1BCFD0FE00D2F58B /* LaunchScreen.storyboard in Resources */,
				7F0E6B2C1BCFD0FE00D2F58B /* Assets.xcassets in Resources */,
				7F0E6B2A1BCFD0FE00D2F58B /* Main.storyboard in Resources */,
			);
			runOnlyForDeploymentPostprocessing = 0;
		};
		7F0E6B331BCFD0FE00D2F58B /* Resources */ = {
			isa = PBXResourcesBuildPhase;
			buildActionMask = 2147483647;
			files = (
			);
			runOnlyForDeploymentPostprocessing = 0;
		};
		7F0E6B3E1BCFD0FE00D2F58B /* Resources */ = {
			isa = PBXResourcesBuildPhase;
			buildActionMask = 2147483647;
			files = (
			);
			runOnlyForDeploymentPostprocessing = 0;
		};
/* End PBXResourcesBuildPhase section */

/* Begin PBXSourcesBuildPhase section */
		7F0E6B181BCFD0FE00D2F58B /* Sources */ = {
			isa = PBXSourcesBuildPhase;
			buildActionMask = 2147483647;
			files = (
				7F0E6B271BCFD0FE00D2F58B /* ViewController.m in Sources */,
				7F0E6B241BCFD0FE00D2F58B /* AppDelegate.m in Sources */,
				7F0E6B211BCFD0FE00D2F58B /* main.m in Sources */,
			);
			runOnlyForDeploymentPostprocessing = 0;
		};
		7F0E6B311BCFD0FE00D2F58B /* Sources */ = {
			isa = PBXSourcesBuildPhase;
			buildActionMask = 2147483647;
			files = (
				7F0E6B3A1BCFD0FE00D2F58B /* fixtoolTests.m in Sources */,
			);
			runOnlyForDeploymentPostprocessing = 0;
		};
		7F0E6B3C1BCFD0FE00D2F58B /* Sources */ = {
			isa = PBXSourcesBuildPhase;
			buildActionMask = 2147483647;
			files = (
				7F0E6B451BCFD0FE00D2F58B /* fixtoolUITests.m in Sources */,
			);
			runOnlyForDeploymentPostprocessing = 0;
		};
/* End PBXSourcesBuildPhase section */

/* Begin PBXTargetDependency section */
		7F0E6B371BCFD0FE00D2F58B /* PBXTargetDependency */ = {
			isa = PBXTargetDependency;
			target = 7F0E6B1B1BCFD0FE00D2F58B /* fixtool */;
			targetProxy = 7F0E6B361BCFD0FE00D2F58B /* PBXContainerItemProxy */;
		};
		7F0E6B421BCFD0FE00D2F58B /* PBXTargetDependency */ = {
			isa = PBXTargetDependency;
			target = 7F0E6B1B1BCFD0FE00D2F58B /* fixtool */;
			targetProxy = 7F0E6B411BCFD0FE00D2F58B /* PBXContainerItemProxy */;
		};
/* End PBXTargetDependency section */

/* Begin PBXVariantGroup section */
		7F0E6B281BCFD0FE00D2F58B /* Main.storyboard */ = {
			isa = PBXVariantGroup;
			children = (
				7F0E6B291BCFD0FE00D2F58B /* Base */,
			);
			name = Main.storyboard;
			sourceTree = "<group>";
		};
		7F0E6B2D1BCFD0FE00D2F58B /* LaunchScreen.storyboard */ = {
			isa = PBXVariantGroup;
			children = (
				7F0E6B2E1BCFD0FE00D2F58B /* Base */,
			);
			name = LaunchScreen.storyboard;
			sourceTree = "<group>";
		};
/* End PBXVariantGroup section */

/* Begin XCBuildConfiguration section */
		7F0E6B471BCFD0FE00D2F58B /* Debug */ = {
			isa = XCBuildConfiguration;
			buildSettings = {
				ALWAYS_SEARCH_USER_PATHS = NO;
				CLANG_CXX_LANGUAGE_STANDARD = "gnu++0x";
				CLANG_CXX_LIBRARY = "libc++";
				CLANG_ENABLE_MODULES = YES;
				CLANG_ENABLE_OBJC_ARC = YES;
				CLANG_WARN_BOOL_CONVERSION = YES;
				CLANG_WARN_CONSTANT_CONVERSION = YES;
				CLANG_WARN_DIRECT_OBJC_ISA_USAGE = YES_ERROR;
				CLANG_WARN_EMPTY_BODY = YES;
				CLANG_WARN_ENUM_CONVERSION = YES;
				CLANG_WARN_INT_CONVERSION = YES;
				CLANG_WARN_OBJC_ROOT_CLASS = YES_ERROR;
				CLANG_WARN_UNREACHABLE_CODE = YES;
				CLANG_WARN__DUPLICATE_METHOD_MATCH = YES;
				"CODE_SIGN_IDENTITY[sdk=iphoneos*]" = "iPhone Developer";
				COPY_PHASE_STRIP = NO;
				DEBUG_INFORMATION_FORMAT = dwarf;
				ENABLE_STRICT_OBJC_MSGSEND = YES;
				ENABLE_TESTABILITY = YES;
				GCC_C_LANGUAGE_STANDARD = gnu99;
				GCC_DYNAMIC_NO_PIC = NO;
				GCC_NO_COMMON_BLOCKS = YES;
				GCC_OPTIMIZATION_LEVEL = 0;
				GCC_PREPROCESSOR_DEFINITIONS = (
					"DEBUG=1",
					"$(inherited)",
				);
				GCC_WARN_64_TO_32_BIT_CONVERSION = YES;
				GCC_WARN_ABOUT_RETURN_TYPE = YES_ERROR;
				GCC_WARN_UNDECLARED_SELECTOR = YES;
				GCC_WARN_UNINITIALIZED_AUTOS = YES_AGGRESSIVE;
				GCC_WARN_UNUSED_FUNCTION = YES;
				GCC_WARN_UNUSED_VARIABLE = YES;
				IPHONEOS_DEPLOYMENT_TARGET = 9.0;
				MTL_ENABLE_DEBUG_INFO = YES;
				ONLY_ACTIVE_ARCH = YES;
				SDKROOT = iphoneos;
				TARGETED_DEVICE_FAMILY = "1,2";
			};
			name = Debug;
		};
		7F0E6B481BCFD0FE00D2F58B /* Release */ = {
			isa = XCBuildConfiguration;
			buildSettings = {
				ALWAYS_SEARCH_USER_PATHS = NO;
				CLANG_CXX_LANGUAGE_STANDARD = "gnu++0x";
				CLANG_CXX_LIBRARY = "libc++";
				CLANG_ENABLE_MODULES = YES;
				CLANG_ENABLE_OBJC_ARC = YES;
				CLANG_WARN_BOOL_CONVERSION = YES;
				CLANG_WARN_CONSTANT_CONVERSION = YES;
				CLANG_WARN_DIRECT_OBJC_ISA_USAGE = YES_ERROR;
				CLANG_WARN_EMPTY_BODY = YES;
				CLANG_WARN_ENUM_CONVERSION = YES;
				CLANG_WARN_INT_CONVERSION = YES;
				CLANG_WARN_OBJC_ROOT_CLASS = YES_ERROR;
				CLANG_WARN_UNREACHABLE_CODE = YES;
				CLANG_WARN__DUPLICATE_METHOD_MATCH = YES;
				"CODE_SIGN_IDENTITY[sdk=iphoneos*]" = "iPhone Developer";
				COPY_PHASE_STRIP = NO;
				DEBUG_INFORMATION_FORMAT = "dwarf-with-dsym";
				ENABLE_NS_ASSERTIONS = NO;
				ENABLE_STRICT_OBJC_MSGSEND = YES;
				GCC_C_LANGUAGE_STANDARD = gnu99;
				GCC_NO_COMMON_BLOCKS = YES;
				GCC_WARN_64_TO_32_BIT_CONVERSION = YES;
				GCC_WARN_ABOUT_RETURN_TYPE = YES_ERROR;
				GCC_WARN_UNDECLARED_SELECTOR = YES;
				GCC_WARN_UNINITIALIZED_AUTOS = YES_AGGRESSIVE;
				GCC_WARN_UNUSED_FUNCTION = YES;
				GCC_WARN_UNUSED_VARIABLE = YES;
				IPHONEOS_DEPLOYMENT_TARGET = 9.0;
				MTL_ENABLE_DEBUG_INFO = NO;
				SDKROOT = iphoneos;
				TARGETED_DEVICE_FAMILY = "1,2";
				VALIDATE_PRODUCT = YES;
			};
			name = Release;
		};
		7F0E6B4A1BCFD0FE00D2F58B /* Debug */ = {
			isa = XCBuildConfiguration;
			buildSettings = {
				ASSETCATALOG_COMPILER_APPICON_NAME = AppIcon;
				INFOPLIST_FILE = fixtool/Info.plist;
				LD_RUNPATH_SEARCH_PATHS = "$(inherited) @executable_path/Frameworks";
				PRODUCT_BUNDLE_IDENTIFIER = com.japanshop.fixtool;
				PRODUCT_NAME = "$(TARGET_NAME)";
			};
			name = Debug;
		};
		7F0E6B4B1BCFD0FE00D2F58B /* Release */ = {
			isa = XCBuildConfiguration;
			buildSettings = {
				ASSETCATALOG_COMPILER_APPICON_NAME = AppIcon;
				INFOPLIST_FILE = fixtool/Info.plist;
				LD_RUNPATH_SEARCH_PATHS = "$(inherited) @executable_path/Frameworks";
				PRODUCT_BUNDLE_IDENTIFIER = com.japanshop.fixtool;
				PRODUCT_NAME = "$(TARGET_NAME)";
			};
			name = Release;
		};
		7F0E6B4D1BCFD0FE00D2F58B /* Debug */ = {
			isa = XCBuildConfiguration;
			buildSettings = {
				BUNDLE_LOADER = "$(TEST_HOST)";
				INFOPLIST_FILE = fixtoolTests/Info.plist;
				LD_RUNPATH_SEARCH_PATHS = "$(inherited) @executable_path/Frameworks @loader_path/Frameworks";
				PRODUCT_BUNDLE_IDENTIFIER = com.japanshop.fixtoolTests;
				PRODUCT_NAME = "$(TARGET_NAME)";
				TEST_HOST = "$(BUILT_PRODUCTS_DIR)/fixtool.app/fixtool";
			};
			name = Debug;
		};
		7F0E6B4E1BCFD0FE00D2F58B /* Release */ = {
			isa = XCBuildConfiguration;
			buildSettings = {
				BUNDLE_LOADER = "$(TEST_HOST)";
				INFOPLIST_FILE = fixtoolTests/Info.plist;
				LD_RUNPATH_SEARCH_PATHS = "$(inherited) @executable_path/Frameworks @loader_path/Frameworks";
				PRODUCT_BUNDLE_IDENTIFIER = com.japanshop.fixtoolTests;
				PRODUCT_NAME = "$(TARGET_NAME)";
				TEST_HOST = "$(BUILT_PRODUCTS_DIR)/fixtool.app/fixtool";
			};
			name = Release;
		};
		7F0E6B501BCFD0FE00D2F58B /* Debug */ = {
			isa = XCBuildConfiguration;
			buildSettings = {
				INFOPLIST_FILE = fixtoolUITests/Info.plist;
				LD_RUNPATH_SEARCH_PATHS = "$(inherited) @executable_path/Frameworks @loader_path/Frameworks";
				PRODUCT_BUNDLE_IDENTIFIER = com.japanshop.fixtoolUITests;
				PRODUCT_NAME = "$(TARGET_NAME)";
				TEST_TARGET_NAME = fixtool;
				USES_XCTRUNNER = YES;
			};
			name = Debug;
		};
		7F0E6B511BCFD0FE00D2F58B /* Release */ = {
			isa = XCBuildConfiguration;
			buildSettings = {
				INFOPLIST_FILE = fixtoolUITests/Info.plist;
				LD_RUNPATH_SEARCH_PATHS = "$(inherited) @executable_path/Frameworks @loader_path/Frameworks";
				PRODUCT_BUNDLE_IDENTIFIER = com.japanshop.fixtoolUITests;
				PRODUCT_NAME = "$(TARGET_NAME)";
				TEST_TARGET_NAME = fixtool;
				USES_XCTRUNNER = YES;
			};
			name = Release;
		};
/* End XCBuildConfiguration section */

/* Begin XCConfigurationList section */
		7F0E6B171BCFD0FE00D2F58B /* Build configuration list for PBXProject "fixtool" */ = {
			isa = XCConfigurationList;
			buildConfigurations = (
				7F0E6B471BCFD0FE00D2F58B /* Debug */,
				7F0E6B481BCFD0FE00D2F58B /* Release */,
			);
			defaultConfigurationIsVisible = 0;
			defaultConfigurationName = Release;
		};
		7F0E6B491BCFD0FE00D2F58B /* Build configuration list for PBXNativeTarget "fixtool" */ = {
			isa = XCConfigurationList;
			buildConfigurations = (
				7F0E6B4A1BCFD0FE00D2F58B /* Debug */,
				7F0E6B4B1BCFD0FE00D2F58B /* Release */,
			);
			defaultConfigurationIsVisible = 0;
		};
		7F0E6B4C1BCFD0FE00D2F58B /* Build configuration list for PBXNativeTarget "fixtoolTests" */ = {
			isa = XCConfigurationList;
			buildConfigurations = (
				7F0E6B4D1BCFD0FE00D2F58B /* Debug */,
				7F0E6B4E1BCFD0FE00D2F58B /* Release */,
			);
			defaultConfigurationIsVisible = 0;
		};
		7F0E6B4F1BCFD0FE00D2F58B /* Build configuration list for PBXNativeTarget "fixtoolUITests" */ = {
			isa = XCConfigurationList;
			buildConfigurations = (
				7F0E6B501BCFD0FE00D2F58B /* Debug */,
				7F0E6B511BCFD0FE00D2F58B /* Release */,
			);
			defaultConfigurationIsVisible = 0;
		};
/* End XCConfigurationList section */
	};
	rootObject = 7F0E6B141BCFD0FE00D2F58B /* Project object */;
}
